dependencies:
- name: kmcp
  repository: oci://ghcr.io/kagent-dev/kmcp/helm
  version: 0.3.0
- name: substrate
  repository: oci://ghcr.io/kagent-dev/substrate/helm
  version: 0.0.6
- name: kagent-tools
  repository: oci://ghcr.io/kagent-dev/tools/helm
  version: 0.2.1
- name: grafana-mcp
  repository: file://../tools/grafana-mcp
  version: 0.9.10
- name: querydoc
  repository: file://../tools/querydoc
  version: 0.9.10
- name: k8s-agent
  repository: file://../agents/k8s
  version: 0.9.10
- name: kgateway-agent
  repository: file://../agents/kgateway
  version: 0.9.10
- name: istio-agent
  repository: file://../agents/istio
  version: 0.9.10
- name: promql-agent
  repository: file://../agents/promql
  version: 0.9.10
- name: observability-agent
  repository: file://../agents/observability
  version: 0.9.10
- name: argo-rollouts-agent
  repository: file://../agents/argo-rollouts
  version: 0.9.10
- name: helm-agent
  repository: file://../agents/helm
  version: 0.9.10
- name: cilium-policy-agent
  repository: file://../agents/cilium-policy
  version: 0.9.10
- name: cilium-manager-agent
  repository: file://../agents/cilium-manager
  version: 0.9.10
- name: cilium-debug-agent
  repository: file://../agents/cilium-debug
  version: 0.9.10
- name: oauth2-proxy
  repository: https://oauth2-proxy.github.io/manifests
  version: 7.0.0
digest: sha256:71c1277828731cd7ff66b32384d9356d4b5ec786b4c8ad1bf7908247d6a00054
generated: "2026-06-24T15:25:46.741314172Z"
